
Microsoft Visual Studio Solution File, Format Version 12.00
# Visual Studio 15
VisualStudioVersion = 15.0.27703.2047
MinimumVisualStudioVersion = 10.0.40219.1
Project("{FAE04EC0-301F-11D3-BF4B-00C04F79EFBC}") = "LabExam", "LabExam\LabExam.csproj", "{B37B8728-40C7-4698-A2A1-AC5A713BD8D7}"
EndProject
Project("{FAE04EC0-301F-11D3-BF4B-00C04F79EFBC}") = "LabExam.Tests", "LabExam.Tests\LabExam.Tests.csproj", "{4902F073-1FF6-4D1F-BB8A-A126E8B75DD1}"
EndProject
Global
	GlobalSection(SolutionConfigurationPlatforms) = preSolution
		Debug|Any CPU = Debug|Any CPU
		Release|Any CPU = Release|Any CPU
	EndGlobalSection
	GlobalSection(ProjectConfigurationPlatforms) = postSolution
		{B37B8728-40C7-4698-A2A1-AC5A713BD8D7}.Debug|Any CPU.ActiveCfg = Debug|Any CPU
		{B37B8728-40C7-4698-A2A1-AC5A713BD8D7}.Debug|Any CPU.Build.0 = Debug|Any CPU
		{B37B8728-40C7-4698-A2A1-AC5A713BD8D7}.Release|Any CPU.ActiveCfg = Release|Any CPU
		{B37B8728-40C7-4698-A2A1-AC5A713BD8D7}.Release|Any CPU.Build.0 = Release|Any CPU
		{4902F073-1FF6-4D1F-BB8A-A126E8B75DD1}.Debug|Any CPU.ActiveCfg = Debug|Any CPU
		{4902F073-1FF6-4D1F-BB8A-A126E8B75DD1}.Debug|Any CPU.Build.0 = Debug|Any CPU
		{4902F073-1FF6-4D1F-BB8A-A126E8B75DD1}.Release|Any CPU.ActiveCfg = Release|Any CPU
		{4902F073-1FF6-4D1F-BB8A-A126E8B75DD1}.Release|Any CPU.Build.0 = Release|Any CPU
	EndGlobalSection
	GlobalSection(SolutionProperties) = preSolution
		HideSolutionNode = FALSE
	EndGlobalSection
	GlobalSection(ExtensibilityGlobals) = postSolution
		SolutionGuid = {FFCC161D-7707-43DC-ACA6-FED128B975C7}
	EndGlobalSection
EndGlobal
